
Microsoft Visual Studio Solution File, Format Version 12.00
# Visual Studio Version 17
VisualStudioVersion = 17.4.33205.214
MinimumVisualStudioVersion = 10.0.40219.1
Project("{FAE04EC0-301F-11D3-BF4B-00C04F79EFBC}") = "BookShop", "BookShop\BookShop.csproj", "{1AF733F2-124C-4CD5-83DA-B3BE8F8652B5}"
EndProject
Project("{FAE04EC0-301F-11D3-BF4B-00C04F79EFBC}") = "BookShop.Data", "BookShop.Data\BookShop.Data.csproj", "{83E5FBF2-9364-4277-A923-E6448910DF82}"
EndProject
Project("{FAE04EC0-301F-11D3-BF4B-00C04F79EFBC}") = "BookShop.Models", "BookShop.Models\BookShop.Models.csproj", "{A684695D-BF73-4CEA-8601-CEF092DFBF7C}"
EndProject
Project("{FAE04EC0-301F-11D3-BF4B-00C04F79EFBC}") = "BookShop.Initializer", "BookShop.Initializer\BookShop.Initializer.csproj", "{762B4B20-2BE9-41D9-812D-85A94C9C4153}"
EndProject
Global
	GlobalSection(SolutionConfigurationPlatforms) = preSolution
		Debug|Any CPU = Debug|Any CPU
		Release|Any CPU = Release|Any CPU
	EndGlobalSection
	GlobalSection(ProjectConfigurationPlatforms) = postSolution
		{1AF733F2-124C-4CD5-83DA-B3BE8F8652B5}.Debug|Any CPU.ActiveCfg = Debug|Any CPU
		{1AF733F2-124C-4CD5-83DA-B3BE8F8652B5}.Debug|Any CPU.Build.0 = Debug|Any CPU
		{1AF733F2-124C-4CD5-83DA-B3BE8F8652B5}.Release|Any CPU.ActiveCfg = Release|Any CPU
		{1AF733F2-124C-4CD5-83DA-B3BE8F8652B5}.Release|Any CPU.Build.0 = Release|Any CPU
		{83E5FBF2-9364-4277-A923-E6448910DF82}.Debug|Any CPU.ActiveCfg = Debug|Any CPU
		{83E5FBF2-9364-4277-A923-E6448910DF82}.Debug|Any CPU.Build.0 = Debug|Any CPU
		{83E5FBF2-9364-4277-A923-E6448910DF82}.Release|Any CPU.ActiveCfg = Release|Any CPU
		{83E5FBF2-9364-4277-A923-E6448910DF82}.Release|Any CPU.Build.0 = Release|Any CPU
		{A684695D-BF73-4CEA-8601-CEF092DFBF7C}.Debug|Any CPU.ActiveCfg = Debug|Any CPU
		{A684695D-BF73-4CEA-8601-CEF092DFBF7C}.Debug|Any CPU.Build.0 = Debug|Any CPU
		{A684695D-BF73-4CEA-8601-CEF092DFBF7C}.Release|Any CPU.ActiveCfg = Release|Any CPU
		{A684695D-BF73-4CEA-8601-CEF092DFBF7C}.Release|Any CPU.Build.0 = Release|Any CPU
		{762B4B20-2BE9-41D9-812D-85A94C9C4153}.Debug|Any CPU.ActiveCfg = Debug|Any CPU
		{762B4B20-2BE9-41D9-812D-85A94C9C4153}.Debug|Any CPU.Build.0 = Debug|Any CPU
		{762B4B20-2BE9-41D9-812D-85A94C9C4153}.Release|Any CPU.ActiveCfg = Release|Any CPU
		{762B4B20-2BE9-41D9-812D-85A94C9C4153}.Release|Any CPU.Build.0 = Release|Any CPU
	EndGlobalSection
	GlobalSection(SolutionProperties) = preSolution
		HideSolutionNode = FALSE
	EndGlobalSection
	GlobalSection(ExtensibilityGlobals) = postSolution
		SolutionGuid = {90E4A452-3E19-478B-A667-9494BCC2A484}
	EndGlobalSection
EndGlobal
